
Microsoft Visual Studio Solution File, Format Version 12.00
# Visual Studio 15
VisualStudioVersion = 15.0.28010.2036
MinimumVisualStudioVersion = 10.0.40219.1
Project("{FAE04EC0-301F-11D3-BF4B-00C04F79EFBC}") = "VagrantBuilder", "VagrantBuilder\VagrantBuilder.csproj", "{C867DF49-679D-4B25-9BF9-4D018F695AFD}"
EndProject
Project("{FAE04EC0-301F-11D3-BF4B-00C04F79EFBC}") = "VagrantBuilderConsole", "VagrantBuilderConsole\VagrantBuilderConsole.csproj", "{1912C8FE-16BE-47AD-AFDF-E797AD07E8CC}"
EndProject
Global
	GlobalSection(SolutionConfigurationPlatforms) = preSolution
		Debug|Any CPU = Debug|Any CPU
		Release|Any CPU = Release|Any CPU
	EndGlobalSection
	GlobalSection(ProjectConfigurationPlatforms) = postSolution
		{C867DF49-679D-4B25-9BF9-4D018F695AFD}.Debug|Any CPU.ActiveCfg = Debug|Any CPU
		{C867DF49-679D-4B25-9BF9-4D018F695AFD}.Debug|Any CPU.Build.0 = Debug|Any CPU
		{C867DF49-679D-4B25-9BF9-4D018F695AFD}.Release|Any CPU.ActiveCfg = Release|Any CPU
		{C867DF49-679D-4B25-9BF9-4D018F695AFD}.Release|Any CPU.Build.0 = Release|Any CPU
		{1912C8FE-16BE-47AD-AFDF-E797AD07E8CC}.Debug|Any CPU.ActiveCfg = Debug|Any CPU
		{1912C8FE-16BE-47AD-AFDF-E797AD07E8CC}.Debug|Any CPU.Build.0 = Debug|Any CPU
		{1912C8FE-16BE-47AD-AFDF-E797AD07E8CC}.Release|Any CPU.ActiveCfg = Release|Any CPU
		{1912C8FE-16BE-47AD-AFDF-E797AD07E8CC}.Release|Any CPU.Build.0 = Release|Any CPU
	EndGlobalSection
	GlobalSection(SolutionProperties) = preSolution
		HideSolutionNode = FALSE
	EndGlobalSection
	GlobalSection(ExtensibilityGlobals) = postSolution
		SolutionGuid = {02D2116B-95AB-4736-B5D3-FCE6F867D35C}
	EndGlobalSection
EndGlobal
