
Microsoft Visual Studio Solution File, Format Version 12.00
# Visual Studio Version 16
VisualStudioVersion = 16.0.29123.88
MinimumVisualStudioVersion = 10.0.40219.1
Project("{FAE04EC0-301F-11D3-BF4B-00C04F79EFBC}") = "VagrantBuilder", "VagrantBuilder\VagrantBuilder.csproj", "{C867DF49-679D-4B25-9BF9-4D018F695AFD}"
EndProject
Project("{9A19103F-16F7-4668-BE54-9A1E7A4F7556}") = "VagrantBuilderConsoleRunAnywhere", "VagrantBuilderConsoleRunAnywhere\VagrantBuilderConsoleRunAnywhere.csproj", "{583E1FD1-37E0-46F4-80FD-0BC61D1084F8}"
EndProject
Project("{9A19103F-16F7-4668-BE54-9A1E7A4F7556}") = "VagrantBuilderCore", "VagrantBuilderCore\VagrantBuilderCore.csproj", "{5DF0CF11-4488-487E-BFA3-20D6FC765B42}"
EndProject
Global
	GlobalSection(SolutionConfigurationPlatforms) = preSolution
		Debug|Any CPU = Debug|Any CPU
		Release|Any CPU = Release|Any CPU
	EndGlobalSection
	GlobalSection(ProjectConfigurationPlatforms) = postSolution
		{C867DF49-679D-4B25-9BF9-4D018F695AFD}.Debug|Any CPU.ActiveCfg = Debug|Any CPU
		{C867DF49-679D-4B25-9BF9-4D018F695AFD}.Debug|Any CPU.Build.0 = Debug|Any CPU
		{C867DF49-679D-4B25-9BF9-4D018F695AFD}.Release|Any CPU.ActiveCfg = Release|Any CPU
		{C867DF49-679D-4B25-9BF9-4D018F695AFD}.Release|Any CPU.Build.0 = Release|Any CPU
		{583E1FD1-37E0-46F4-80FD-0BC61D1084F8}.Debug|Any CPU.ActiveCfg = Debug|Any CPU
		{583E1FD1-37E0-46F4-80FD-0BC61D1084F8}.Debug|Any CPU.Build.0 = Debug|Any CPU
		{583E1FD1-37E0-46F4-80FD-0BC61D1084F8}.Release|Any CPU.ActiveCfg = Release|Any CPU
		{583E1FD1-37E0-46F4-80FD-0BC61D1084F8}.Release|Any CPU.Build.0 = Release|Any CPU
		{5DF0CF11-4488-487E-BFA3-20D6FC765B42}.Debug|Any CPU.ActiveCfg = Debug|Any CPU
		{5DF0CF11-4488-487E-BFA3-20D6FC765B42}.Debug|Any CPU.Build.0 = Debug|Any CPU
		{5DF0CF11-4488-487E-BFA3-20D6FC765B42}.Release|Any CPU.ActiveCfg = Release|Any CPU
		{5DF0CF11-4488-487E-BFA3-20D6FC765B42}.Release|Any CPU.Build.0 = Release|Any CPU
	EndGlobalSection
	GlobalSection(SolutionProperties) = preSolution
		HideSolutionNode = FALSE
	EndGlobalSection
	GlobalSection(ExtensibilityGlobals) = postSolution
		SolutionGuid = {02D2116B-95AB-4736-B5D3-FCE6F867D35C}
	EndGlobalSection
EndGlobal
